{
  "name": "nechao",
  "version": "1.0.0",
  "lockfileVersion": 2,
  "requires": true,
  "packages": {
    "": {
      "name": "nechao",
      "version": "1.0.0",
      "license": "ISC",
      "dependencies": {
        "@paddlejs-mediapipe/opencv": "^0.0.4",
        "@paddlejs/paddlejs-backend-webgl": "^1.2.9",
        "@paddlejs/paddlejs-core": "^2.2.0",
        "js-clipper": "^1.0.1"
      }
    },
    "node_modules/@paddlejs-mediapipe/opencv": {
      "version": "0.0.4",
      "resolved": "https://registry.npmmirror.com/@paddlejs-mediapipe/opencv/-/opencv-0.0.4.tgz",
      "integrity": "sha512-bfwixZPKGFh7JcAtLToTBmBiu/nyQjVrm0gf/pn92apHJQEYyhnAFGvgDubmqQbijmtP2/fbOMR4CuSSlq2g8w=="
    },
    "node_modules/@paddlejs/paddlejs-backend-webgl": {
      "version": "1.2.9",
      "resolved": "https://registry.npmmirror.com/@paddlejs/paddlejs-backend-webgl/-/paddlejs-backend-webgl-1.2.9.tgz",
      "integrity": "sha512-cVDa0/Wbw2EyfsYqdYUPhFeqKsET79keEUWjyhYQmQkJfWg8j1qdR6yp7g6nx9qAGrqFvwuj1s0EqkYA1dok6A=="
    },
    "node_modules/@paddlejs/paddlejs-core": {
      "version": "2.2.0",
      "resolved": "https://registry.npmmirror.com/@paddlejs/paddlejs-core/-/paddlejs-core-2.2.0.tgz",
      "integrity": "sha512-P3rPkF9fFHtq8uSte5gA7fJQwBNl9Ytsvj6aTcfQSsirnBO/HxMNu0gJyh7+lItvEtF92PR15eI0eOwJYfZDhQ=="
    },
    "node_modules/js-clipper": {
      "version": "1.0.1",
      "resolved": "https://registry.npmmirror.com/js-clipper/-/js-clipper-1.0.1.tgz",
      "integrity": "sha512-0XYAS0ZoCki5K0fWwj8j8ug4mgxHXReW3ayPbVqr4zXPJuIs2pyvemL1sALadsEiAywZwW5Ify1XfU4bNJvokg=="
    }
  },
  "dependencies": {
    "@paddlejs-mediapipe/opencv": {
      "version": "0.0.4",
      "resolved": "https://registry.npmmirror.com/@paddlejs-mediapipe/opencv/-/opencv-0.0.4.tgz",
      "integrity": "sha512-bfwixZPKGFh7JcAtLToTBmBiu/nyQjVrm0gf/pn92apHJQEYyhnAFGvgDubmqQbijmtP2/fbOMR4CuSSlq2g8w=="
    },
    "@paddlejs/paddlejs-backend-webgl": {
      "version": "1.2.9",
      "resolved": "https://registry.npmmirror.com/@paddlejs/paddlejs-backend-webgl/-/paddlejs-backend-webgl-1.2.9.tgz",
      "integrity": "sha512-cVDa0/Wbw2EyfsYqdYUPhFeqKsET79keEUWjyhYQmQkJfWg8j1qdR6yp7g6nx9qAGrqFvwuj1s0EqkYA1dok6A=="
    },
    "@paddlejs/paddlejs-core": {
      "version": "2.2.0",
      "resolved": "https://registry.npmmirror.com/@paddlejs/paddlejs-core/-/paddlejs-core-2.2.0.tgz",
      "integrity": "sha512-P3rPkF9fFHtq8uSte5gA7fJQwBNl9Ytsvj6aTcfQSsirnBO/HxMNu0gJyh7+lItvEtF92PR15eI0eOwJYfZDhQ=="
    },
    "js-clipper": {
      "version": "1.0.1",
      "resolved": "https://registry.npmmirror.com/js-clipper/-/js-clipper-1.0.1.tgz",
      "integrity": "sha512-0XYAS0ZoCki5K0fWwj8j8ug4mgxHXReW3ayPbVqr4zXPJuIs2pyvemL1sALadsEiAywZwW5Ify1XfU4bNJvokg=="
    }
  }
}
