{
  "name": "nechao",
  "version": "1.0.0",
  "lockfileVersion": 2,
  "requires": true,
  "packages": {
    "": {
      "name": "nechao",
      "version": "1.0.0",
      "license": "ISC",
      "dependencies": {
        "@paddlejs/paddlejs-backend-webgl": "^1.2.9",
        "@paddlejs/paddlejs-core": "^2.2.0"
      }
    },
    "node_modules/@paddlejs/paddlejs-backend-webgl": {
      "version": "1.2.9",
      "resolved": "https://registry.npmmirror.com/@paddlejs/paddlejs-backend-webgl/-/paddlejs-backend-webgl-1.2.9.tgz",
      "integrity": "sha512-cVDa0/Wbw2EyfsYqdYUPhFeqKsET79keEUWjyhYQmQkJfWg8j1qdR6yp7g6nx9qAGrqFvwuj1s0EqkYA1dok6A=="
    },
    "node_modules/@paddlejs/paddlejs-core": {
      "version": "2.2.0",
      "resolved": "https://registry.npmmirror.com/@paddlejs/paddlejs-core/-/paddlejs-core-2.2.0.tgz",
      "integrity": "sha512-P3rPkF9fFHtq8uSte5gA7fJQwBNl9Ytsvj6aTcfQSsirnBO/HxMNu0gJyh7+lItvEtF92PR15eI0eOwJYfZDhQ=="
    }
  },
  "dependencies": {
    "@paddlejs/paddlejs-backend-webgl": {
      "version": "1.2.9",
      "resolved": "https://registry.npmmirror.com/@paddlejs/paddlejs-backend-webgl/-/paddlejs-backend-webgl-1.2.9.tgz",
      "integrity": "sha512-cVDa0/Wbw2EyfsYqdYUPhFeqKsET79keEUWjyhYQmQkJfWg8j1qdR6yp7g6nx9qAGrqFvwuj1s0EqkYA1dok6A=="
    },
    "@paddlejs/paddlejs-core": {
      "version": "2.2.0",
      "resolved": "https://registry.npmmirror.com/@paddlejs/paddlejs-core/-/paddlejs-core-2.2.0.tgz",
      "integrity": "sha512-P3rPkF9fFHtq8uSte5gA7fJQwBNl9Ytsvj6aTcfQSsirnBO/HxMNu0gJyh7+lItvEtF92PR15eI0eOwJYfZDhQ=="
    }
  }
}
